
Microsoft Visual Studio Solution File, Format Version 12.00
# Visual Studio Version 16
VisualStudioVersion = 16.0.31624.102
MinimumVisualStudioVersion = 10.0.40219.1
Project("{FAE04EC0-301F-11D3-BF4B-00C04F79EFBC}") = "ConsoleApp3", "ConsoleApp3\ConsoleApp3.csproj", "{2848F866-9501-42AD-8029-67B481E78A86}"
EndProject
Global
	GlobalSection(SolutionConfigurationPlatforms) = preSolution
		Debug|Any CPU = Debug|Any CPU
		Release|Any CPU = Release|Any CPU
	EndGlobalSection
	GlobalSection(ProjectConfigurationPlatforms) = postSolution
		{2848F866-9501-42AD-8029-67B481E78A86}.Debug|Any CPU.ActiveCfg = Debug|Any CPU
		{2848F866-9501-42AD-8029-67B481E78A86}.Debug|Any CPU.Build.0 = Debug|Any CPU
		{2848F866-9501-42AD-8029-67B481E78A86}.Release|Any CPU.ActiveCfg = Release|Any CPU
		{2848F866-9501-42AD-8029-67B481E78A86}.Release|Any CPU.Build.0 = Release|Any CPU
	EndGlobalSection
	GlobalSection(SolutionProperties) = preSolution
		HideSolutionNode = FALSE
	EndGlobalSection
	GlobalSection(ExtensibilityGlobals) = postSolution
		SolutionGuid = {DEABA0ED-4040-46C5-84F7-EFAA498BEC0B}
	EndGlobalSection
EndGlobal
